
Microsoft Visual Studio Solution File, Format Version 12.00
# Visual Studio Version 17
VisualStudioVersion = 17.9.34723.18
MinimumVisualStudioVersion = 10.0.40219.1
Project("{FAE04EC0-301F-11D3-BF4B-00C04F79EFBC}") = "Registration", "Registration.csproj", "{23AEF0BA-B445-4B65-A0FC-CC1883EC2AB7}"
EndProject
Global
	GlobalSection(SolutionConfigurationPlatforms) = preSolution
		Debug|Any CPU = Debug|Any CPU
		Release|Any CPU = Release|Any CPU
	EndGlobalSection
	GlobalSection(ProjectConfigurationPlatforms) = postSolution
		{23AEF0BA-B445-4B65-A0FC-CC1883EC2AB7}.Debug|Any CPU.ActiveCfg = Debug|Any CPU
		{23AEF0BA-B445-4B65-A0FC-CC1883EC2AB7}.Debug|Any CPU.Build.0 = Debug|Any CPU
		{23AEF0BA-B445-4B65-A0FC-CC1883EC2AB7}.Release|Any CPU.ActiveCfg = Release|Any CPU
		{23AEF0BA-B445-4B65-A0FC-CC1883EC2AB7}.Release|Any CPU.Build.0 = Release|Any CPU
	EndGlobalSection
	GlobalSection(SolutionProperties) = preSolution
		HideSolutionNode = FALSE
	EndGlobalSection
	GlobalSection(ExtensibilityGlobals) = postSolution
		SolutionGuid = {4459090B-AB7F-43B8-A2D5-002B0B30C16E}
	EndGlobalSection
EndGlobal
